
Microsoft Visual Studio Solution File, Format Version 12.00
# Visual Studio Version 16
VisualStudioVersion = 16.0.32106.194
MinimumVisualStudioVersion = 10.0.40219.1
Project("{FAE04EC0-301F-11D3-BF4B-00C04F79EFBC}") = "WebDictionaryProject", "WebDictionaryProject\WebDictionaryProject.csproj", "{C0ABDECC-FF9A-4DB0-8EB6-A3F91C79766C}"
EndProject
Project("{FAE04EC0-301F-11D3-BF4B-00C04F79EFBC}") = "DataAccessLayer", "DataAccessLayer\DataAccessLayer.csproj", "{F4C12448-2DBF-40EC-8D37-C7C8B794A4A7}"
EndProject
Global
	GlobalSection(SolutionConfigurationPlatforms) = preSolution
		Debug|Any CPU = Debug|Any CPU
		Release|Any CPU = Release|Any CPU
	EndGlobalSection
	GlobalSection(ProjectConfigurationPlatforms) = postSolution
		{C0ABDECC-FF9A-4DB0-8EB6-A3F91C79766C}.Debug|Any CPU.ActiveCfg = Debug|Any CPU
		{C0ABDECC-FF9A-4DB0-8EB6-A3F91C79766C}.Debug|Any CPU.Build.0 = Debug|Any CPU
		{C0ABDECC-FF9A-4DB0-8EB6-A3F91C79766C}.Release|Any CPU.ActiveCfg = Release|Any CPU
		{C0ABDECC-FF9A-4DB0-8EB6-A3F91C79766C}.Release|Any CPU.Build.0 = Release|Any CPU
		{F4C12448-2DBF-40EC-8D37-C7C8B794A4A7}.Debug|Any CPU.ActiveCfg = Debug|Any CPU
		{F4C12448-2DBF-40EC-8D37-C7C8B794A4A7}.Debug|Any CPU.Build.0 = Debug|Any CPU
		{F4C12448-2DBF-40EC-8D37-C7C8B794A4A7}.Release|Any CPU.ActiveCfg = Release|Any CPU
		{F4C12448-2DBF-40EC-8D37-C7C8B794A4A7}.Release|Any CPU.Build.0 = Release|Any CPU
	EndGlobalSection
	GlobalSection(SolutionProperties) = preSolution
		HideSolutionNode = FALSE
	EndGlobalSection
	GlobalSection(ExtensibilityGlobals) = postSolution
		SolutionGuid = {774AE1EE-253B-4D3A-BE89-016221C3298C}
	EndGlobalSection
EndGlobal
